
Microsoft Visual Studio Solution File, Format Version 12.00
# Visual Studio Version 17
VisualStudioVersion = 17.6.33723.286
MinimumVisualStudioVersion = 10.0.40219.1
Project("{9A19103F-16F7-4668-BE54-9A1E7A4F7556}") = "API", "API\API.csproj", "{0B413909-37D6-4DC8-A3BA-40ADD97A4DDB}"
EndProject
Project("{9A19103F-16F7-4668-BE54-9A1E7A4F7556}") = "Client", "Client\Client.csproj", "{551178AB-C3BA-432F-9C02-14A1507EC36B}"
EndProject
Global
	GlobalSection(SolutionConfigurationPlatforms) = preSolution
		Debug|Any CPU = Debug|Any CPU
		Release|Any CPU = Release|Any CPU
	EndGlobalSection
	GlobalSection(ProjectConfigurationPlatforms) = postSolution
		{0B413909-37D6-4DC8-A3BA-40ADD97A4DDB}.Debug|Any CPU.ActiveCfg = Debug|Any CPU
		{0B413909-37D6-4DC8-A3BA-40ADD97A4DDB}.Debug|Any CPU.Build.0 = Debug|Any CPU
		{0B413909-37D6-4DC8-A3BA-40ADD97A4DDB}.Release|Any CPU.ActiveCfg = Release|Any CPU
		{0B413909-37D6-4DC8-A3BA-40ADD97A4DDB}.Release|Any CPU.Build.0 = Release|Any CPU
		{551178AB-C3BA-432F-9C02-14A1507EC36B}.Debug|Any CPU.ActiveCfg = Debug|Any CPU
		{551178AB-C3BA-432F-9C02-14A1507EC36B}.Debug|Any CPU.Build.0 = Debug|Any CPU
		{551178AB-C3BA-432F-9C02-14A1507EC36B}.Release|Any CPU.ActiveCfg = Release|Any CPU
		{551178AB-C3BA-432F-9C02-14A1507EC36B}.Release|Any CPU.Build.0 = Release|Any CPU
	EndGlobalSection
	GlobalSection(SolutionProperties) = preSolution
		HideSolutionNode = FALSE
	EndGlobalSection
	GlobalSection(ExtensibilityGlobals) = postSolution
		SolutionGuid = {990AE6C7-90B6-44AB-9FE4-10CF3F73D6A7}
	EndGlobalSection
EndGlobal
